// !$*UTF8*$!
{
	archiveVersion = 1;
	classes = {
	};
	objectVersion = 46;
	objects = {

/* Begin PBXBuildFile section */
		9CAF99C51E3BF0120066805A /* debussy.mp3 in Resources */ = {isa = PBXBuildFile; fileRef = 9CAF99C41E3BF0120066805A /* debussy.mp3 */; };
		9CAF99C71E3BF03C0066805A /* musicViewController.swift in Sources */ = {isa = PBXBuildFile; fileRef = 9CAF99C61E3BF03C0066805A /* musicViewController.swift */; };
		9CFDF5BC1E390D3C003FB618 /* AppDelegate.swift in Sources */ = {isa = PBXBuildFile; fileRef = 9CFDF5BB1E390D3C003FB618 /* AppDelegate.swift */; };
		9CFDF5BE1E390D3C003FB618 /* videoViewController.swift in Sources */ = {isa = PBXBuildFile; fileRef = 9CFDF5BD1E390D3C003FB618 /* videoViewController.swift */; };
		9CFDF5C11E390D3C003FB618 /* Main.storyboard in Resources */ = {isa = PBXBuildFile; fileRef = 9CFDF5BF1E390D3C003FB618 /* Main.storyboard */; };
		9CFDF5C31E390D3C003FB618 /* Assets.xcassets in Resources */ = {isa = PBXBuildFile; fileRef = 9CFDF5C21E390D3C003FB618 /* Assets.xcassets */; };
		9CFDF5C61E390D3C003FB618 /* LaunchScreen.storyboard in Resources */ = {isa = PBXBuildFile; fileRef = 9CFDF5C41E390D3C003FB618 /* LaunchScreen.storyboard */; };
/* End PBXBuildFile section */

/* Begin PBXFileReference section */
		9CAF99C41E3BF0120066805A /* debussy.mp3 */ = {isa = PBXFileReference; lastKnownFileType = audio.mp3; name = debussy.mp3; path = "../../../../../Projects/AC3.2/AC3.2-AVPlayerKVO/AVPlayerKVO/debussy.mp3"; sourceTree = "<group>"; };
		9CAF99C61E3BF03C0066805A /* musicViewController.swift */ = {isa = PBXFileReference; fileEncoding = 4; lastKnownFileType = sourcecode.swift; path = musicViewController.swift; sourceTree = "<group>"; };
		9CFDF5B81E390D3C003FB618 /* AVPlayerKVO.app */ = {isa = PBXFileReference; explicitFileType = wrapper.application; includeInIndex = 0; path = AVPlayerKVO.app; sourceTree = BUILT_PRODUCTS_DIR; };
		9CFDF5BB1E390D3C003FB618 /* AppDelegate.swift */ = {isa = PBXFileReference; lastKnownFileType = sourcecode.swift; path = AppDelegate.swift; sourceTree = "<group>"; };
		9CFDF5BD1E390D3C003FB618 /* videoViewController.swift */ = {isa = PBXFileReference; lastKnownFileType = sourcecode.swift; path = videoViewController.swift; sourceTree = "<group>"; };
		9CFDF5C01E390D3C003FB618 /* Base */ = {isa = PBXFileReference; lastKnownFileType = file.storyboard; name = Base; path = Base.lproj/Main.storyboard; sourceTree = "<group>"; };
		9CFDF5C21E390D3C003FB618 /* Assets.xcassets */ = {isa = PBXFileReference; lastKnownFileType = folder.assetcatalog; path = Assets.xcassets; sourceTree = "<group>"; };
		9CFDF5C51E390D3C003FB618 /* Base */ = {isa = PBXFileReference; lastKnownFileType = file.storyboard; name = Base; path = Base.lproj/LaunchScreen.storyboard; sourceTree = "<group>"; };
		9CFDF5C71E390D3C003FB618 /* Info.plist */ = {isa = PBXFileReference; lastKnownFileType = text.plist.xml; path = Info.plist; sourceTree = "<group>"; };
/* End PBXFileReference section */

/* Begin PBXFrameworksBuildPhase section */
		9CFDF5B51E390D3C003FB618 /* Frameworks */ = {
			isa = PBXFrameworksBuildPhase;
			buildActionMask = 2147483647;
			files = (
			);
			runOnlyForDeploymentPostprocessing = 0;
		};
/* End PBXFrameworksBuildPhase section */

/* Begin PBXGroup section */
		9CFDF5AF1E390D3C003FB618 = {
			isa = PBXGroup;
			children = (
				9CFDF5BA1E390D3C003FB618 /* AVPlayerKVO */,
				9CFDF5B91E390D3C003FB618 /* Products */,
			);
			sourceTree = "<group>";
		};
		9CFDF5B91E390D3C003FB618 /* Products */ = {
			isa = PBXGroup;
			children = (
				9CFDF5B81E390D3C003FB618 /* AVPlayerKVO.app */,
			);
			name = Products;
			sourceTree = "<group>";
		};
		9CFDF5BA1E390D3C003FB618 /* AVPlayerKVO */ = {
			isa = PBXGroup;
			children = (
				9CFDF5BB1E390D3C003FB618 /* AppDelegate.swift */,
				9CAF99C41E3BF0120066805A /* debussy.mp3 */,
				9CFDF5BD1E390D3C003FB618 /* videoViewController.swift */,
				9CAF99C61E3BF03C0066805A /* musicViewController.swift */,
				9CFDF5C21E390D3C003FB618 /* Assets.xcassets */,
				9CFDF5BF1E390D3C003FB618 /* Main.storyboard */,
				9CFDF5C41E390D3C003FB618 /* LaunchScreen.storyboard */,
				9CFDF5C71E390D3C003FB618 /* Info.plist */,
			);
			path = AVPlayerKVO;
			sourceTree = "<group>";
		};
/* End PBXGroup section */

/* Begin PBXNativeTarget section */
		9CFDF5B71E390D3C003FB618 /* AVPlayerKVO */ = {
			isa = PBXNativeTarget;
			buildConfigurationList = 9CFDF5CA1E390D3C003FB618 /* Build configuration list for PBXNativeTarget "AVPlayerKVO" */;
			buildPhases = (
				9CFDF5B41E390D3C003FB618 /* Sources */,
				9CFDF5B51E390D3C003FB618 /* Frameworks */,
				9CFDF5B61E390D3C003FB618 /* Resources */,
			);
			buildRules = (
			);
			dependencies = (
			);
			name = AVPlayerKVO;
			productName = AVPlayerKVO;
			productReference = 9CFDF5B81E390D3C003FB618 /* AVPlayerKVO.app */;
			productType = "com.apple.product-type.application";
		};
/* End PBXNativeTarget section */

/* Begin PBXProject section */
		9CFDF5B01E390D3C003FB618 /* Project object */ = {
			isa = PBXProject;
			attributes = {
				LastSwiftUpdateCheck = 0800;
				LastUpgradeCheck = 0800;
				ORGANIZATIONNAME = "Annie Tung";
				TargetAttributes = {
					9CFDF5B71E390D3C003FB618 = {
						CreatedOnToolsVersion = 8.0;
						DevelopmentTeam = 9F7X637BX9;
						ProvisioningStyle = Automatic;
					};
				};
			};
			buildConfigurationList = 9CFDF5B31E390D3C003FB618 /* Build configuration list for PBXProject "AVPlayerKVO" */;
			compatibilityVersion = "Xcode 3.2";
			developmentRegion = English;
			hasScannedForEncodings = 0;
			knownRegions = (
				en,
				Base,
			);
			mainGroup = 9CFDF5AF1E390D3C003FB618;
			productRefGroup = 9CFDF5B91E390D3C003FB618 /* Products */;
			projectDirPath = "";
			projectRoot = "";
			targets = (
				9CFDF5B71E390D3C003FB618 /* AVPlayerKVO */,
			);
		};
/* End PBXProject section */

/* Begin PBXResourcesBuildPhase section */
		9CFDF5B61E390D3C003FB618 /* Resources */ = {
			isa = PBXResourcesBuildPhase;
			buildActionMask = 2147483647;
			files = (
				9CAF99C51E3BF0120066805A /* debussy.mp3 in Resources */,
				9CFDF5C61E390D3C003FB618 /* LaunchScreen.storyboard in Resources */,
				9CFDF5C31E390D3C003FB618 /* Assets.xcassets in Resources */,
				9CFDF5C11E390D3C003FB618 /* Main.storyboard in Resources */,
			);
			runOnlyForDeploymentPostprocessing = 0;
		};
/* End PBXResourcesBuildPhase section */

/* Begin PBXSourcesBuildPhase section */
		9CFDF5B41E390D3C003FB618 /* Sources */ = {
			isa = PBXSourcesBuildPhase;
			buildActionMask = 2147483647;
			files = (
				9CFDF5BE1E390D3C003FB618 /* videoViewController.swift in Sources */,
				9CFDF5BC1E390D3C003FB618 /* AppDelegate.swift in Sources */,
				9CAF99C71E3BF03C0066805A /* musicViewController.swift in Sources */,
			);
			runOnlyForDeploymentPostprocessing = 0;
		};
/* End PBXSourcesBuildPhase section */

/* Begin PBXVariantGroup section */
		9CFDF5BF1E390D3C003FB618 /* Main.storyboard */ = {
			isa = PBXVariantGroup;
			children = (
				9CFDF5C01E390D3C003FB618 /* Base */,
			);
			name = Main.storyboard;
			sourceTree = "<group>";
		};
		9CFDF5C41E390D3C003FB618 /* LaunchScreen.storyboard */ = {
			isa = PBXVariantGroup;
			children = (
				9CFDF5C51E390D3C003FB618 /* Base */,
			);
			name = LaunchScreen.storyboard;
			sourceTree = "<group>";
		};
/* End PBXVariantGroup section */

/* Begin XCBuildConfiguration section */
		9CFDF5C81E390D3C003FB618 /* Debug */ = {
			isa = XCBuildConfiguration;
			buildSettings = {
				ALWAYS_SEARCH_USER_PATHS = NO;
				CLANG_ANALYZER_NONNULL = YES;
				CLANG_CXX_LANGUAGE_STANDARD = "gnu++0x";
				CLANG_CXX_LIBRARY = "libc++";
				CLANG_ENABLE_MODULES = YES;
				CLANG_ENABLE_OBJC_ARC = YES;
				CLANG_WARN_BOOL_CONVERSION = YES;
				CLANG_WARN_CONSTANT_CONVERSION = YES;
				CLANG_WARN_DIRECT_OBJC_ISA_USAGE = YES_ERROR;
				CLANG_WARN_DOCUMENTATION_COMMENTS = YES;
				CLANG_WARN_EMPTY_BODY = YES;
				CLANG_WARN_ENUM_CONVERSION = YES;
				CLANG_WARN_INFINITE_RECURSION = YES;
				CLANG_WARN_INT_CONVERSION = YES;
				CLANG_WARN_OBJC_ROOT_CLASS = YES_ERROR;
				CLANG_WARN_SUSPICIOUS_MOVES = YES;
				CLANG_WARN_UNREACHABLE_CODE = YES;
				CLANG_WARN__DUPLICATE_METHOD_MATCH = YES;
				"CODE_SIGN_IDENTITY[sdk=iphoneos*]" = "iPhone Developer";
				COPY_PHASE_STRIP = NO;
				DEBUG_INFORMATION_FORMAT = dwarf;
				ENABLE_STRICT_OBJC_MSGSEND = YES;
				ENABLE_TESTABILITY = YES;
				GCC_C_LANGUAGE_STANDARD = gnu99;
				GCC_DYNAMIC_NO_PIC = NO;
				GCC_NO_COMMON_BLOCKS = YES;
				GCC_OPTIMIZATION_LEVEL = 0;
				GCC_PREPROCESSOR_DEFINITIONS = (
					"DEBUG=1",
					"$(inherited)",
				);
				GCC_WARN_64_TO_32_BIT_CONVERSION = YES;
				GCC_WARN_ABOUT_RETURN_TYPE = YES_ERROR;
				GCC_WARN_UNDECLARED_SELECTOR = YES;
				GCC_WARN_UNINITIALIZED_AUTOS = YES_AGGRESSIVE;
				GCC_WARN_UNUSED_FUNCTION = YES;
				GCC_WARN_UNUSED_VARIABLE = YES;
				IPHONEOS_DEPLOYMENT_TARGET = 10.0;
				MTL_ENABLE_DEBUG_INFO = YES;
				ONLY_ACTIVE_ARCH = YES;
				SDKROOT = iphoneos;
				SWIFT_ACTIVE_COMPILATION_CONDITIONS = DEBUG;
				SWIFT_OPTIMIZATION_LEVEL = "-Onone";
				TARGETED_DEVICE_FAMILY = "1,2";
			};
			name = Debug;
		};
		9CFDF5C91E390D3C003FB618 /* Release */ = {
			isa = XCBuildConfiguration;
			buildSettings = {
				ALWAYS_SEARCH_USER_PATHS = NO;
				CLANG_ANALYZER_NONNULL = YES;
				CLANG_CXX_LANGUAGE_STANDARD = "gnu++0x";
				CLANG_CXX_LIBRARY = "libc++";
				CLANG_ENABLE_MODULES = YES;
				CLANG_ENABLE_OBJC_ARC = YES;
				CLANG_WARN_BOOL_CONVERSION = YES;
				CLANG_WARN_CONSTANT_CONVERSION = YES;
				CLANG_WARN_DIRECT_OBJC_ISA_USAGE = YES_ERROR;
				CLANG_WARN_DOCUMENTATION_COMMENTS = YES;
				CLANG_WARN_EMPTY_BODY = YES;
				CLANG_WARN_ENUM_CONVERSION = YES;
				CLANG_WARN_INFINITE_RECURSION = YES;
				CLANG_WARN_INT_CONVERSION = YES;
				CLANG_WARN_OBJC_ROOT_CLASS = YES_ERROR;
				CLANG_WARN_SUSPICIOUS_MOVES = YES;
				CLANG_WARN_UNREACHABLE_CODE = YES;
				CLANG_WARN__DUPLICATE_METHOD_MATCH = YES;
				"CODE_SIGN_IDENTITY[sdk=iphoneos*]" = "iPhone Developer";
				COPY_PHASE_STRIP = NO;
				DEBUG_INFORMATION_FORMAT = "dwarf-with-dsym";
				ENABLE_NS_ASSERTIONS = NO;
				ENABLE_STRICT_OBJC_MSGSEND = YES;
				GCC_C_LANGUAGE_STANDARD = gnu99;
				GCC_NO_COMMON_BLOCKS = YES;
				GCC_WARN_64_TO_32_BIT_CONVERSION = YES;
				GCC_WARN_ABOUT_RETURN_TYPE = YES_ERROR;
				GCC_WARN_UNDECLARED_SELECTOR = YES;
				GCC_WARN_UNINITIALIZED_AUTOS = YES_AGGRESSIVE;
				GCC_WARN_UNUSED_FUNCTION = YES;
				GCC_WARN_UNUSED_VARIABLE = YES;
				IPHONEOS_DEPLOYMENT_TARGET = 10.0;
				MTL_ENABLE_DEBUG_INFO = NO;
				SDKROOT = iphoneos;
				SWIFT_OPTIMIZATION_LEVEL = "-Owholemodule";
				TARGETED_DEVICE_FAMILY = "1,2";
				VALIDATE_PRODUCT = YES;
			};
			name = Release;
		};
		9CFDF5CB1E390D3C003FB618 /* Debug */ = {
			isa = XCBuildConfiguration;
			buildSettings = {
				ASSETCATALOG_COMPILER_APPICON_NAME = AppIcon;
				DEVELOPMENT_TEAM = 9F7X637BX9;
				INFOPLIST_FILE = AVPlayerKVO/Info.plist;
				LD_RUNPATH_SEARCH_PATHS = "$(inherited) @executable_path/Frameworks";
				PRODUCT_BUNDLE_IDENTIFIER = tung.annie.c4q.AVPlayerKVO;
				PRODUCT_NAME = "$(TARGET_NAME)";
				SWIFT_VERSION = 3.0;
			};
			name = Debug;
		};
		9CFDF5CC1E390D3C003FB618 /* Release */ = {
			isa = XCBuildConfiguration;
			buildSettings = {
				ASSETCATALOG_COMPILER_APPICON_NAME = AppIcon;
				DEVELOPMENT_TEAM = 9F7X637BX9;
				INFOPLIST_FILE = AVPlayerKVO/Info.plist;
				LD_RUNPATH_SEARCH_PATHS = "$(inherited) @executable_path/Frameworks";
				PRODUCT_BUNDLE_IDENTIFIER = tung.annie.c4q.AVPlayerKVO;
				PRODUCT_NAME = "$(TARGET_NAME)";
				SWIFT_VERSION = 3.0;
			};
			name = Release;
		};
/* End XCBuildConfiguration section */

/* Begin XCConfigurationList section */
		9CFDF5B31E390D3C003FB618 /* Build configuration list for PBXProject "AVPlayerKVO" */ = {
			isa = XCConfigurationList;
			buildConfigurations = (
				9CFDF5C81E390D3C003FB618 /* Debug */,
				9CFDF5C91E390D3C003FB618 /* Release */,
			);
			defaultConfigurationIsVisible = 0;
			defaultConfigurationName = Release;
		};
		9CFDF5CA1E390D3C003FB618 /* Build configuration list for PBXNativeTarget "AVPlayerKVO" */ = {
			isa = XCConfigurationList;
			buildConfigurations = (
				9CFDF5CB1E390D3C003FB618 /* Debug */,
				9CFDF5CC1E390D3C003FB618 /* Release */,
			);
			defaultConfigurationIsVisible = 0;
			defaultConfigurationName = Release;
		};
/* End XCConfigurationList section */
	};
	rootObject = 9CFDF5B01E390D3C003FB618 /* Project object */;
}
